// !$*UTF8*$!
{
	archiveVersion = 1;
	classes = {
	};
	objectVersion = 46;
	objects = {

/* Begin PBXBuildFile section */
		6D08BDAC1883445800136661 /* Foundation.framework in Frameworks */ = {isa = PBXBuildFile; fileRef = 6D08BDAB1883445800136661 /* Foundation.framework */; };
		6D08BDAE1883445800136661 /* CoreGraphics.framework in Frameworks */ = {isa = PBXBuildFile; fileRef = 6D08BDAD1883445800136661 /* CoreGraphics.framework */; };
		6D08BDB01883445800136661 /* UIKit.framework in Frameworks */ = {isa = PBXBuildFile; fileRef = 6D08BDAF1883445800136661 /* UIKit.framework */; };
		6D08BDB61883445800136661 /* InfoPlist.strings in Resources */ = {isa = PBXBuildFile; fileRef = 6D08BDB41883445800136661 /* InfoPlist.strings */; };
		6D08BDB81883445800136661 /* main.m in Sources */ = {isa = PBXBuildFile; fileRef = 6D08BDB71883445800136661 /* main.m */; };
		6D08BDBC1883445800136661 /* DXAppDelegate.m in Sources */ = {isa = PBXBuildFile; fileRef = 6D08BDBB1883445800136661 /* DXAppDelegate.m */; };
		6D08BDC21883445800136661 /* DXViewController.m in Sources */ = {isa = PBXBuildFile; fileRef = 6D08BDC11883445800136661 /* DXViewController.m */; };
		6D08BDC41883445800136661 /* Images.xcassets in Resources */ = {isa = PBXBuildFile; fileRef = 6D08BDC31883445800136661 /* Images.xcassets */; };
		6D08BDE118834F8F00136661 /* CoreBluetooth.framework in Frameworks */ = {isa = PBXBuildFile; fileRef = 6D08BDE018834F8F00136661 /* CoreBluetooth.framework */; };
		6D08BDE618834FB300136661 /* BLE.m in Sources */ = {isa = PBXBuildFile; fileRef = 6D08BDE418834FB300136661 /* BLE.m */; };
		6D08BDEA18835F1F00136661 /* DXServoListViewController.m in Sources */ = {isa = PBXBuildFile; fileRef = 6D08BDE918835F1F00136661 /* DXServoListViewController.m */; };
		6D08BDEE18835F6200136661 /* DXServoViewController.m in Sources */ = {isa = PBXBuildFile; fileRef = 6D08BDEC18835F6200136661 /* DXServoViewController.m */; };
		6D08BDEF18835F6200136661 /* DXServoViewController.xib in Resources */ = {isa = PBXBuildFile; fileRef = 6D08BDED18835F6200136661 /* DXServoViewController.xib */; };
		6D08BDF2188360C400136661 /* DXViewController.xib in Resources */ = {isa = PBXBuildFile; fileRef = 6D08BDF1188360C400136661 /* DXViewController.xib */; };
		6D08BDF91883917000136661 /* NSObject+NotificationAfx.m in Sources */ = {isa = PBXBuildFile; fileRef = 6D08BDF81883917000136661 /* NSObject+NotificationAfx.m */; };
		6D08BDFC1883BFF400136661 /* DynamixelComm.m in Sources */ = {isa = PBXBuildFile; fileRef = 6D08BDFB1883BFF400136661 /* DynamixelComm.m */; };
		6D08BDFF1883E06700136661 /* ServoInfo.m in Sources */ = {isa = PBXBuildFile; fileRef = 6D08BDFE1883E06700136661 /* ServoInfo.m */; };
		6D1A193218848450007558B1 /* NSObject+SimpleKVO.m in Sources */ = {isa = PBXBuildFile; fileRef = 6D1A193118848450007558B1 /* NSObject+SimpleKVO.m */; };
		6D1A1937188485A2007558B1 /* NSIndexSet+IndexPath.m in Sources */ = {isa = PBXBuildFile; fileRef = 6D1A1936188485A2007558B1 /* NSIndexSet+IndexPath.m */; };
/* End PBXBuildFile section */

/* Begin PBXFileReference section */
		6D08BDA81883445800136661 /* DynMobile.app */ = {isa = PBXFileReference; explicitFileType = wrapper.application; includeInIndex = 0; path = DynMobile.app; sourceTree = BUILT_PRODUCTS_DIR; };
		6D08BDAB1883445800136661 /* Foundation.framework */ = {isa = PBXFileReference; lastKnownFileType = wrapper.framework; name = Foundation.framework; path = System/Library/Frameworks/Foundation.framework; sourceTree = SDKROOT; };
		6D08BDAD1883445800136661 /* CoreGraphics.framework */ = {isa = PBXFileReference; lastKnownFileType = wrapper.framework; name = CoreGraphics.framework; path = System/Library/Frameworks/CoreGraphics.framework; sourceTree = SDKROOT; };
		6D08BDAF1883445800136661 /* UIKit.framework */ = {isa = PBXFileReference; lastKnownFileType = wrapper.framework; name = UIKit.framework; path = System/Library/Frameworks/UIKit.framework; sourceTree = SDKROOT; };
		6D08BDB31883445800136661 /* DynMobile-Info.plist */ = {isa = PBXFileReference; lastKnownFileType = text.plist.xml; path = "DynMobile-Info.plist"; sourceTree = "<group>"; };
		6D08BDB51883445800136661 /* en */ = {isa = PBXFileReference; lastKnownFileType = text.plist.strings; name = en; path = en.lproj/InfoPlist.strings; sourceTree = "<group>"; };
		6D08BDB71883445800136661 /* main.m */ = {isa = PBXFileReference; lastKnownFileType = sourcecode.c.objc; path = main.m; sourceTree = "<group>"; };
		6D08BDB91883445800136661 /* DynMobile-Prefix.pch */ = {isa = PBXFileReference; lastKnownFileType = sourcecode.c.h; path = "DynMobile-Prefix.pch"; sourceTree = "<group>"; };
		6D08BDBA1883445800136661 /* DXAppDelegate.h */ = {isa = PBXFileReference; lastKnownFileType = sourcecode.c.h; path = DXAppDelegate.h; sourceTree = "<group>"; };
		6D08BDBB1883445800136661 /* DXAppDelegate.m */ = {isa = PBXFileReference; lastKnownFileType = sourcecode.c.objc; path = DXAppDelegate.m; sourceTree = "<group>"; };
		6D08BDC01883445800136661 /* DXViewController.h */ = {isa = PBXFileReference; lastKnownFileType = sourcecode.c.h; path = DXViewController.h; sourceTree = "<group>"; };
		6D08BDC11883445800136661 /* DXViewController.m */ = {isa = PBXFileReference; lastKnownFileType = sourcecode.c.objc; path = DXViewController.m; sourceTree = "<group>"; };
		6D08BDC31883445800136661 /* Images.xcassets */ = {isa = PBXFileReference; lastKnownFileType = folder.assetcatalog; name = Images.xcassets; path = DynMobile/Images.xcassets; sourceTree = "<group>"; };
		6D08BDE018834F8F00136661 /* CoreBluetooth.framework */ = {isa = PBXFileReference; lastKnownFileType = wrapper.framework; name = CoreBluetooth.framework; path = System/Library/Frameworks/CoreBluetooth.framework; sourceTree = SDKROOT; };
		6D08BDE318834FB300136661 /* BLE.h */ = {isa = PBXFileReference; fileEncoding = 4; lastKnownFileType = sourcecode.c.h; path = BLE.h; sourceTree = "<group>"; };
		6D08BDE418834FB300136661 /* BLE.m */ = {isa = PBXFileReference; fileEncoding = 4; lastKnownFileType = sourcecode.c.objc; path = BLE.m; sourceTree = "<group>"; };
		6D08BDE518834FB300136661 /* BLEDefines.h */ = {isa = PBXFileReference; fileEncoding = 4; lastKnownFileType = sourcecode.c.h; path = BLEDefines.h; sourceTree = "<group>"; };
		6D08BDE818835F1F00136661 /* DXServoListViewController.h */ = {isa = PBXFileReference; fileEncoding = 4; lastKnownFileType = sourcecode.c.h; path = DXServoListViewController.h; sourceTree = "<group>"; };
		6D08BDE918835F1F00136661 /* DXServoListViewController.m */ = {isa = PBXFileReference; fileEncoding = 4; lastKnownFileType = sourcecode.c.objc; path = DXServoListViewController.m; sourceTree = "<group>"; };
		6D08BDEB18835F6200136661 /* DXServoViewController.h */ = {isa = PBXFileReference; fileEncoding = 4; lastKnownFileType = sourcecode.c.h; path = DXServoViewController.h; sourceTree = "<group>"; };
		6D08BDEC18835F6200136661 /* DXServoViewController.m */ = {isa = PBXFileReference; fileEncoding = 4; lastKnownFileType = sourcecode.c.objc; path = DXServoViewController.m; sourceTree = "<group>"; };
		6D08BDED18835F6200136661 /* DXServoViewController.xib */ = {isa = PBXFileReference; fileEncoding = 4; lastKnownFileType = file.xib; path = DXServoViewController.xib; sourceTree = "<group>"; };
		6D08BDF1188360C400136661 /* DXViewController.xib */ = {isa = PBXFileReference; fileEncoding = 4; lastKnownFileType = file.xib; path = DXViewController.xib; sourceTree = "<group>"; };
		6D08BDF71883917000136661 /* NSObject+NotificationAfx.h */ = {isa = PBXFileReference; fileEncoding = 4; lastKnownFileType = sourcecode.c.h; path = "NSObject+NotificationAfx.h"; sourceTree = "<group>"; };
		6D08BDF81883917000136661 /* NSObject+NotificationAfx.m */ = {isa = PBXFileReference; fileEncoding = 4; lastKnownFileType = sourcecode.c.objc; path = "NSObject+NotificationAfx.m"; sourceTree = "<group>"; };
		6D08BDFA1883BFF400136661 /* DynamixelComm.h */ = {isa = PBXFileReference; fileEncoding = 4; lastKnownFileType = sourcecode.c.h; path = DynamixelComm.h; sourceTree = "<group>"; };
		6D08BDFB1883BFF400136661 /* DynamixelComm.m */ = {isa = PBXFileReference; fileEncoding = 4; lastKnownFileType = sourcecode.c.objc; path = DynamixelComm.m; sourceTree = "<group>"; };
		6D08BDFD1883E06700136661 /* ServoInfo.h */ = {isa = PBXFileReference; fileEncoding = 4; lastKnownFileType = sourcecode.c.h; path = ServoInfo.h; sourceTree = "<group>"; };
		6D08BDFE1883E06700136661 /* ServoInfo.m */ = {isa = PBXFileReference; fileEncoding = 4; lastKnownFileType = sourcecode.c.objc; path = ServoInfo.m; sourceTree = "<group>"; };
		6D1A193018848450007558B1 /* NSObject+SimpleKVO.h */ = {isa = PBXFileReference; fileEncoding = 4; lastKnownFileType = sourcecode.c.h; path = "NSObject+SimpleKVO.h"; sourceTree = "<group>"; };
		6D1A193118848450007558B1 /* NSObject+SimpleKVO.m */ = {isa = PBXFileReference; fileEncoding = 4; lastKnownFileType = sourcecode.c.objc; path = "NSObject+SimpleKVO.m"; sourceTree = "<group>"; };
		6D1A1935188485A2007558B1 /* NSIndexSet+IndexPath.h */ = {isa = PBXFileReference; fileEncoding = 4; lastKnownFileType = sourcecode.c.h; path = "NSIndexSet+IndexPath.h"; sourceTree = "<group>"; };
		6D1A1936188485A2007558B1 /* NSIndexSet+IndexPath.m */ = {isa = PBXFileReference; fileEncoding = 4; lastKnownFileType = sourcecode.c.objc; path = "NSIndexSet+IndexPath.m"; sourceTree = "<group>"; };
		6D1A1938188488F7007558B1 /* AfxMacros.h */ = {isa = PBXFileReference; lastKnownFileType = sourcecode.c.h; path = AfxMacros.h; sourceTree = "<group>"; };
/* End PBXFileReference section */

/* Begin PBXFrameworksBuildPhase section */
		6D08BDA51883445800136661 /* Frameworks */ = {
			isa = PBXFrameworksBuildPhase;
			buildActionMask = 2147483647;
			files = (
				6D08BDE118834F8F00136661 /* CoreBluetooth.framework in Frameworks */,
				6D08BDAE1883445800136661 /* CoreGraphics.framework in Frameworks */,
				6D08BDB01883445800136661 /* UIKit.framework in Frameworks */,
				6D08BDAC1883445800136661 /* Foundation.framework in Frameworks */,
			);
			runOnlyForDeploymentPostprocessing = 0;
		};
/* End PBXFrameworksBuildPhase section */

/* Begin PBXGroup section */
		6D08BD9F1883445800136661 = {
			isa = PBXGroup;
			children = (
				6D08BDC31883445800136661 /* Images.xcassets */,
				6D1A192F18848450007558B1 /* KVO */,
				6D08BDF61883917000136661 /* Notification */,
				6D08BDB11883445800136661 /* DynMobile */,
				6D08BDB21883445800136661 /* Supporting Files */,
				6D08BDAA1883445800136661 /* Frameworks */,
				6D08BDA91883445800136661 /* Products */,
			);
			sourceTree = "<group>";
		};
		6D08BDA91883445800136661 /* Products */ = {
			isa = PBXGroup;
			children = (
				6D08BDA81883445800136661 /* DynMobile.app */,
			);
			name = Products;
			sourceTree = "<group>";
		};
		6D08BDAA1883445800136661 /* Frameworks */ = {
			isa = PBXGroup;
			children = (
				6D08BDE218834FB300136661 /* BLE */,
				6D08BDE018834F8F00136661 /* CoreBluetooth.framework */,
				6D08BDAB1883445800136661 /* Foundation.framework */,
				6D08BDAD1883445800136661 /* CoreGraphics.framework */,
				6D08BDAF1883445800136661 /* UIKit.framework */,
			);
			name = Frameworks;
			sourceTree = "<group>";
		};
		6D08BDB11883445800136661 /* DynMobile */ = {
			isa = PBXGroup;
			children = (
				6D08BDBA1883445800136661 /* DXAppDelegate.h */,
				6D08BDBB1883445800136661 /* DXAppDelegate.m */,
				6D08BDC01883445800136661 /* DXViewController.h */,
				6D08BDC11883445800136661 /* DXViewController.m */,
				6D08BDF1188360C400136661 /* DXViewController.xib */,
				6D08BDE818835F1F00136661 /* DXServoListViewController.h */,
				6D08BDE918835F1F00136661 /* DXServoListViewController.m */,
				6D08BDEB18835F6200136661 /* DXServoViewController.h */,
				6D08BDEC18835F6200136661 /* DXServoViewController.m */,
				6D08BDED18835F6200136661 /* DXServoViewController.xib */,
				6D08BDFA1883BFF400136661 /* DynamixelComm.h */,
				6D08BDFB1883BFF400136661 /* DynamixelComm.m */,
				6D08BDFD1883E06700136661 /* ServoInfo.h */,
				6D08BDFE1883E06700136661 /* ServoInfo.m */,
			);
			path = DynMobile;
			sourceTree = "<group>";
		};
		6D08BDB21883445800136661 /* Supporting Files */ = {
			isa = PBXGroup;
			children = (
				6D1A1938188488F7007558B1 /* AfxMacros.h */,
				6D08BDB31883445800136661 /* DynMobile-Info.plist */,
				6D08BDB41883445800136661 /* InfoPlist.strings */,
				6D08BDB71883445800136661 /* main.m */,
				6D08BDB91883445800136661 /* DynMobile-Prefix.pch */,
			);
			name = "Supporting Files";
			path = DynMobile;
			sourceTree = "<group>";
		};
		6D08BDE218834FB300136661 /* BLE */ = {
			isa = PBXGroup;
			children = (
				6D08BDE318834FB300136661 /* BLE.h */,
				6D08BDE418834FB300136661 /* BLE.m */,
				6D08BDE518834FB300136661 /* BLEDefines.h */,
			);
			name = BLE;
			path = RedBearLab/Examples/Chat/BLE;
			sourceTree = "<group>";
		};
		6D08BDF61883917000136661 /* Notification */ = {
			isa = PBXGroup;
			children = (
				6D08BDF71883917000136661 /* NSObject+NotificationAfx.h */,
				6D08BDF81883917000136661 /* NSObject+NotificationAfx.m */,
			);
			path = Notification;
			sourceTree = "<group>";
		};
		6D1A192F18848450007558B1 /* KVO */ = {
			isa = PBXGroup;
			children = (
				6D1A193018848450007558B1 /* NSObject+SimpleKVO.h */,
				6D1A193118848450007558B1 /* NSObject+SimpleKVO.m */,
				6D1A1935188485A2007558B1 /* NSIndexSet+IndexPath.h */,
				6D1A1936188485A2007558B1 /* NSIndexSet+IndexPath.m */,
			);
			path = KVO;
			sourceTree = "<group>";
		};
/* End PBXGroup section */

/* Begin PBXNativeTarget section */
		6D08BDA71883445800136661 /* DynMobile */ = {
			isa = PBXNativeTarget;
			buildConfigurationList = 6D08BDDA1883445900136661 /* Build configuration list for PBXNativeTarget "DynMobile" */;
			buildPhases = (
				6D08BDA41883445800136661 /* Sources */,
				6D08BDA51883445800136661 /* Frameworks */,
				6D08BDA61883445800136661 /* Resources */,
			);
			buildRules = (
			);
			dependencies = (
			);
			name = DynMobile;
			productName = DynMobile;
			productReference = 6D08BDA81883445800136661 /* DynMobile.app */;
			productType = "com.apple.product-type.application";
		};
/* End PBXNativeTarget section */

/* Begin PBXProject section */
		6D08BDA01883445800136661 /* Project object */ = {
			isa = PBXProject;
			attributes = {
				CLASSPREFIX = DX;
				LastUpgradeCheck = 0500;
				ORGANIZATIONNAME = Slavik;
			};
			buildConfigurationList = 6D08BDA31883445800136661 /* Build configuration list for PBXProject "DynMobile" */;
			compatibilityVersion = "Xcode 3.2";
			developmentRegion = English;
			hasScannedForEncodings = 0;
			knownRegions = (
				en,
				Base,
			);
			mainGroup = 6D08BD9F1883445800136661;
			productRefGroup = 6D08BDA91883445800136661 /* Products */;
			projectDirPath = "";
			projectRoot = "";
			targets = (
				6D08BDA71883445800136661 /* DynMobile */,
			);
		};
/* End PBXProject section */

/* Begin PBXResourcesBuildPhase section */
		6D08BDA61883445800136661 /* Resources */ = {
			isa = PBXResourcesBuildPhase;
			buildActionMask = 2147483647;
			files = (
				6D08BDF2188360C400136661 /* DXViewController.xib in Resources */,
				6D08BDEF18835F6200136661 /* DXServoViewController.xib in Resources */,
				6D08BDC41883445800136661 /* Images.xcassets in Resources */,
				6D08BDB61883445800136661 /* InfoPlist.strings in Resources */,
			);
			runOnlyForDeploymentPostprocessing = 0;
		};
/* End PBXResourcesBuildPhase section */

/* Begin PBXSourcesBuildPhase section */
		6D08BDA41883445800136661 /* Sources */ = {
			isa = PBXSourcesBuildPhase;
			buildActionMask = 2147483647;
			files = (
				6D08BDBC1883445800136661 /* DXAppDelegate.m in Sources */,
				6D08BDC21883445800136661 /* DXViewController.m in Sources */,
				6D08BDB81883445800136661 /* main.m in Sources */,
				6D08BDFF1883E06700136661 /* ServoInfo.m in Sources */,
				6D1A1937188485A2007558B1 /* NSIndexSet+IndexPath.m in Sources */,
				6D08BDE618834FB300136661 /* BLE.m in Sources */,
				6D08BDEE18835F6200136661 /* DXServoViewController.m in Sources */,
				6D08BDFC1883BFF400136661 /* DynamixelComm.m in Sources */,
				6D08BDF91883917000136661 /* NSObject+NotificationAfx.m in Sources */,
				6D1A193218848450007558B1 /* NSObject+SimpleKVO.m in Sources */,
				6D08BDEA18835F1F00136661 /* DXServoListViewController.m in Sources */,
			);
			runOnlyForDeploymentPostprocessing = 0;
		};
/* End PBXSourcesBuildPhase section */

/* Begin PBXVariantGroup section */
		6D08BDB41883445800136661 /* InfoPlist.strings */ = {
			isa = PBXVariantGroup;
			children = (
				6D08BDB51883445800136661 /* en */,
			);
			name = InfoPlist.strings;
			sourceTree = "<group>";
		};
/* End PBXVariantGroup section */

/* Begin XCBuildConfiguration section */
		6D08BDD81883445900136661 /* Debug */ = {
			isa = XCBuildConfiguration;
			buildSettings = {
				ALWAYS_SEARCH_USER_PATHS = NO;
				ARCHS = "$(ARCHS_STANDARD_INCLUDING_64_BIT)";
				CLANG_CXX_LANGUAGE_STANDARD = "gnu++0x";
				CLANG_CXX_LIBRARY = "libc++";
				CLANG_ENABLE_MODULES = YES;
				CLANG_ENABLE_OBJC_ARC = YES;
				CLANG_WARN_BOOL_CONVERSION = YES;
				CLANG_WARN_CONSTANT_CONVERSION = YES;
				CLANG_WARN_DIRECT_OBJC_ISA_USAGE = YES_ERROR;
				CLANG_WARN_EMPTY_BODY = YES;
				CLANG_WARN_ENUM_CONVERSION = YES;
				CLANG_WARN_INT_CONVERSION = YES;
				CLANG_WARN_OBJC_ROOT_CLASS = YES_ERROR;
				CLANG_WARN__DUPLICATE_METHOD_MATCH = YES;
				"CODE_SIGN_IDENTITY[sdk=iphoneos*]" = "iPhone Developer";
				COPY_PHASE_STRIP = NO;
				GCC_C_LANGUAGE_STANDARD = gnu99;
				GCC_DYNAMIC_NO_PIC = NO;
				GCC_OPTIMIZATION_LEVEL = 0;
				GCC_PREPROCESSOR_DEFINITIONS = (
					"DEBUG=1",
					"$(inherited)",
				);
				GCC_SYMBOLS_PRIVATE_EXTERN = NO;
				GCC_WARN_64_TO_32_BIT_CONVERSION = YES;
				GCC_WARN_ABOUT_RETURN_TYPE = YES_ERROR;
				GCC_WARN_UNDECLARED_SELECTOR = YES;
				GCC_WARN_UNINITIALIZED_AUTOS = YES;
				GCC_WARN_UNUSED_FUNCTION = YES;
				GCC_WARN_UNUSED_VARIABLE = YES;
				IPHONEOS_DEPLOYMENT_TARGET = 7.0;
				ONLY_ACTIVE_ARCH = YES;
				SDKROOT = iphoneos;
				TARGETED_DEVICE_FAMILY = 2;
			};
			name = Debug;
		};
		6D08BDD91883445900136661 /* Release */ = {
			isa = XCBuildConfiguration;
			buildSettings = {
				ALWAYS_SEARCH_USER_PATHS = NO;
				ARCHS = "$(ARCHS_STANDARD_INCLUDING_64_BIT)";
				CLANG_CXX_LANGUAGE_STANDARD = "gnu++0x";
				CLANG_CXX_LIBRARY = "libc++";
				CLANG_ENABLE_MODULES = YES;
				CLANG_ENABLE_OBJC_ARC = YES;
				CLANG_WARN_BOOL_CONVERSION = YES;
				CLANG_WARN_CONSTANT_CONVERSION = YES;
				CLANG_WARN_DIRECT_OBJC_ISA_USAGE = YES_ERROR;
				CLANG_WARN_EMPTY_BODY = YES;
				CLANG_WARN_ENUM_CONVERSION = YES;
				CLANG_WARN_INT_CONVERSION = YES;
				CLANG_WARN_OBJC_ROOT_CLASS = YES_ERROR;
				CLANG_WARN__DUPLICATE_METHOD_MATCH = YES;
				"CODE_SIGN_IDENTITY[sdk=iphoneos*]" = "iPhone Developer";
				COPY_PHASE_STRIP = YES;
				ENABLE_NS_ASSERTIONS = NO;
				GCC_C_LANGUAGE_STANDARD = gnu99;
				GCC_WARN_64_TO_32_BIT_CONVERSION = YES;
				GCC_WARN_ABOUT_RETURN_TYPE = YES_ERROR;
				GCC_WARN_UNDECLARED_SELECTOR = YES;
				GCC_WARN_UNINITIALIZED_AUTOS = YES;
				GCC_WARN_UNUSED_FUNCTION = YES;
				GCC_WARN_UNUSED_VARIABLE = YES;
				IPHONEOS_DEPLOYMENT_TARGET = 7.0;
				SDKROOT = iphoneos;
				TARGETED_DEVICE_FAMILY = 2;
				VALIDATE_PRODUCT = YES;
			};
			name = Release;
		};
		6D08BDDB1883445900136661 /* Debug */ = {
			isa = XCBuildConfiguration;
			buildSettings = {
				ASSETCATALOG_COMPILER_APPICON_NAME = AppIcon;
				ASSETCATALOG_COMPILER_LAUNCHIMAGE_NAME = LaunchImage;
				GCC_PRECOMPILE_PREFIX_HEADER = YES;
				GCC_PREFIX_HEADER = "DynMobile/DynMobile-Prefix.pch";
				INFOPLIST_FILE = "DynMobile/DynMobile-Info.plist";
				PRODUCT_NAME = "$(TARGET_NAME)";
				WRAPPER_EXTENSION = app;
			};
			name = Debug;
		};
		6D08BDDC1883445900136661 /* Release */ = {
			isa = XCBuildConfiguration;
			buildSettings = {
				ASSETCATALOG_COMPILER_APPICON_NAME = AppIcon;
				ASSETCATALOG_COMPILER_LAUNCHIMAGE_NAME = LaunchImage;
				GCC_PRECOMPILE_PREFIX_HEADER = YES;
				GCC_PREFIX_HEADER = "DynMobile/DynMobile-Prefix.pch";
				INFOPLIST_FILE = "DynMobile/DynMobile-Info.plist";
				PRODUCT_NAME = "$(TARGET_NAME)";
				WRAPPER_EXTENSION = app;
			};
			name = Release;
		};
/* End XCBuildConfiguration section */

/* Begin XCConfigurationList section */
		6D08BDA31883445800136661 /* Build configuration list for PBXProject "DynMobile" */ = {
			isa = XCConfigurationList;
			buildConfigurations = (
				6D08BDD81883445900136661 /* Debug */,
				6D08BDD91883445900136661 /* Release */,
			);
			defaultConfigurationIsVisible = 0;
			defaultConfigurationName = Release;
		};
		6D08BDDA1883445900136661 /* Build configuration list for PBXNativeTarget "DynMobile" */ = {
			isa = XCConfigurationList;
			buildConfigurations = (
				6D08BDDB1883445900136661 /* Debug */,
				6D08BDDC1883445900136661 /* Release */,
			);
			defaultConfigurationIsVisible = 0;
			defaultConfigurationName = Release;
		};
/* End XCConfigurationList section */
	};
	rootObject = 6D08BDA01883445800136661 /* Project object */;
}
